
Microsoft Visual Studio Solution File, Format Version 12.00
# Visual Studio Version 16
VisualStudioVersion = 16.0.31624.102
MinimumVisualStudioVersion = 10.0.40219.1
Project("{FAE04EC0-301F-11D3-BF4B-00C04F79EFBC}") = "OnlyPansValdiviesoDaniel", "OnlyPansValdiviesoDaniel\OnlyPansValdiviesoDaniel.csproj", "{22DC0A62-17FF-4122-9AC8-A5CF4995224E}"
EndProject
Global
	GlobalSection(SolutionConfigurationPlatforms) = preSolution
		Debug|Any CPU = Debug|Any CPU
		Release|Any CPU = Release|Any CPU
	EndGlobalSection
	GlobalSection(ProjectConfigurationPlatforms) = postSolution
		{22DC0A62-17FF-4122-9AC8-A5CF4995224E}.Debug|Any CPU.ActiveCfg = Debug|Any CPU
		{22DC0A62-17FF-4122-9AC8-A5CF4995224E}.Debug|Any CPU.Build.0 = Debug|Any CPU
		{22DC0A62-17FF-4122-9AC8-A5CF4995224E}.Release|Any CPU.ActiveCfg = Release|Any CPU
		{22DC0A62-17FF-4122-9AC8-A5CF4995224E}.Release|Any CPU.Build.0 = Release|Any CPU
	EndGlobalSection
	GlobalSection(SolutionProperties) = preSolution
		HideSolutionNode = FALSE
	EndGlobalSection
	GlobalSection(ExtensibilityGlobals) = postSolution
		SolutionGuid = {3099A615-FFA9-4E40-AB95-D30FCC059D17}
	EndGlobalSection
EndGlobal
